
Microsoft Visual Studio Solution File, Format Version 12.00
# Visual Studio Version 16
VisualStudioVersion = 16.0.28922.388
MinimumVisualStudioVersion = 10.0.40219.1
Project("{FAE04EC0-301F-11D3-BF4B-00C04F79EFBC}") = "SorterAndroid", "SorterAndroid\SorterAndroid.csproj", "{0CDB466B-3EFD-4A90-BEEE-5C3EB08482E5}"
EndProject
Global
	GlobalSection(SolutionConfigurationPlatforms) = preSolution
		Debug|Any CPU = Debug|Any CPU
		Release|Any CPU = Release|Any CPU
	EndGlobalSection
	GlobalSection(ProjectConfigurationPlatforms) = postSolution
		{0CDB466B-3EFD-4A90-BEEE-5C3EB08482E5}.Debug|Any CPU.ActiveCfg = Debug|Any CPU
		{0CDB466B-3EFD-4A90-BEEE-5C3EB08482E5}.Debug|Any CPU.Build.0 = Debug|Any CPU
		{0CDB466B-3EFD-4A90-BEEE-5C3EB08482E5}.Debug|Any CPU.Deploy.0 = Debug|Any CPU
		{0CDB466B-3EFD-4A90-BEEE-5C3EB08482E5}.Release|Any CPU.ActiveCfg = Release|Any CPU
		{0CDB466B-3EFD-4A90-BEEE-5C3EB08482E5}.Release|Any CPU.Build.0 = Release|Any CPU
		{0CDB466B-3EFD-4A90-BEEE-5C3EB08482E5}.Release|Any CPU.Deploy.0 = Release|Any CPU
	EndGlobalSection
	GlobalSection(SolutionProperties) = preSolution
		HideSolutionNode = FALSE
	EndGlobalSection
	GlobalSection(ExtensibilityGlobals) = postSolution
		SolutionGuid = {7C4406CD-A21F-473D-BE13-734CE427C1F1}
	EndGlobalSection
EndGlobal
